{
    "_readme": [
        "This file locks the dependencies of your project to a known state",
        "Read more about it at https://getcomposer.org/doc/01-basic-usage.md#installing-dependencies",
        "This file is @generated automatically"
    ],
    "content-hash": "1d612484287f7134b3ddd498ed9a1443",
    "packages": [
        {
            "name": "skleeschulte/base32",
            "version": "0.0.2",
            "source": {
                "type": "git",
                "url": "https://github.com/skleeschulte/php-base32.git",
                "reference": "42b651598d42ca51c00a6e71d2587e64e6e80734"
            },
            "dist": {
                "type": "zip",
                "url": "https://api.github.com/repos/skleeschulte/php-base32/zipball/42b651598d42ca51c00a6e71d2587e64e6e80734",
                "reference": "42b651598d42ca51c00a6e71d2587e64e6e80734",
                "shasum": ""
            },
            "require": {
                "php": ">=5.2.0"
            },
            "type": "library",
            "autoload": {
                "psr-4": {
                    "SKleeschulte\\": "src/"
                }
            },
            "notification-url": "https://packagist.org/downloads/",
            "license": [
                "MIT"
            ],
            "authors": [
                {
                    "name": "Stefan Kleeschulte",
                    "email": "stefan.kleeschulte@smk.biz",
                    "homepage": "http://rays-blog.de",
                    "role": "Developer"
                }
            ],
            "description": "Base32 encoding and decoding class (RFC 4648, RFC 4648 extended hex, Crockford, z-base-32/Zooko).",
            "homepage": "https://github.com/skleeschulte/php-base32",
            "keywords": [
                "base32",
                "bcmath",
                "bytestring",
                "crockford",
                "decode",
                "encode",
                "integer",
                "rfc4686",
                "z-base-32",
                "zooko"
            ],
            "support": {
                "issues": "https://github.com/skleeschulte/php-base32/issues",
                "source": "https://github.com/skleeschulte/php-base32/tree/v0.0.2"
            },
            "time": "2015-11-19T14:01:26+00:00"
        }
    ],
    "packages-dev": [],
    "aliases": [],
    "minimum-stability": "stable",
    "stability-flags": [],
    "prefer-stable": false,
    "prefer-lowest": false,
    "platform": {
        "php": "^8.0"
    },
    "platform-dev": [],
    "plugin-api-version": "2.0.0"
}
